// !$*UTF8*$!
{
	archiveVersion = 1;
	classes = {
	};
	objectVersion = 48;
	objects = {

/* Begin PBXBuildFile section */
		916707F4209267A7003D962D /* main.cpp in Sources */ = {isa = PBXBuildFile; fileRef = 916707F3209267A7003D962D /* main.cpp */; };
		916707FC2092680C003D962D /* AStar.cpp in Sources */ = {isa = PBXBuildFile; fileRef = 916707FA2092680C003D962D /* AStar.cpp */; };
		916707FE20926D20003D962D /* STP.cpp in Sources */ = {isa = PBXBuildFile; fileRef = 916707FD20926D1F003D962D /* STP.cpp */; };
		9167080220926D37003D962D /* IDA.cpp in Sources */ = {isa = PBXBuildFile; fileRef = 9167080120926D36003D962D /* IDA.cpp */; };
		9167080520926D4C003D962D /* A.cpp in Sources */ = {isa = PBXBuildFile; fileRef = 9167080320926D4C003D962D /* A.cpp */; };
/* End PBXBuildFile section */

/* Begin PBXCopyFilesBuildPhase section */
		916707EE209267A7003D962D /* CopyFiles */ = {
			isa = PBXCopyFilesBuildPhase;
			buildActionMask = 2147483647;
			dstPath = /usr/share/man/man1/;
			dstSubfolderSpec = 0;
			files = (
			);
			runOnlyForDeploymentPostprocessing = 1;
		};
/* End PBXCopyFilesBuildPhase section */

/* Begin PBXFileReference section */
		916707F0209267A7003D962D /* Homework5 */ = {isa = PBXFileReference; explicitFileType = "compiled.mach-o.executable"; includeInIndex = 0; path = Homework5; sourceTree = BUILT_PRODUCTS_DIR; };
		916707F3209267A7003D962D /* main.cpp */ = {isa = PBXFileReference; lastKnownFileType = sourcecode.cpp.cpp; path = main.cpp; sourceTree = "<group>"; };
		916707FA2092680C003D962D /* AStar.cpp */ = {isa = PBXFileReference; lastKnownFileType = sourcecode.cpp.cpp; path = AStar.cpp; sourceTree = "<group>"; };
		916707FB2092680C003D962D /* AStar.hpp */ = {isa = PBXFileReference; lastKnownFileType = sourcecode.cpp.h; path = AStar.hpp; sourceTree = "<group>"; };
		916707FD20926D1F003D962D /* STP.cpp */ = {isa = PBXFileReference; fileEncoding = 4; lastKnownFileType = sourcecode.cpp.cpp; path = STP.cpp; sourceTree = "<group>"; };
		916707FF20926D28003D962D /* STP.h */ = {isa = PBXFileReference; lastKnownFileType = sourcecode.c.h; path = STP.h; sourceTree = "<group>"; };
		9167080020926D31003D962D /* IDA.h */ = {isa = PBXFileReference; lastKnownFileType = sourcecode.c.h; path = IDA.h; sourceTree = "<group>"; };
		9167080120926D36003D962D /* IDA.cpp */ = {isa = PBXFileReference; fileEncoding = 4; lastKnownFileType = sourcecode.cpp.cpp; path = IDA.cpp; sourceTree = "<group>"; };
		9167080320926D4C003D962D /* A.cpp */ = {isa = PBXFileReference; lastKnownFileType = sourcecode.cpp.cpp; path = A.cpp; sourceTree = "<group>"; };
		9167080420926D4C003D962D /* A.hpp */ = {isa = PBXFileReference; lastKnownFileType = sourcecode.cpp.h; path = A.hpp; sourceTree = "<group>"; };
/* End PBXFileReference section */

/* Begin PBXFrameworksBuildPhase section */
		916707ED209267A7003D962D /* Frameworks */ = {
			isa = PBXFrameworksBuildPhase;
			buildActionMask = 2147483647;
			files = (
			);
			runOnlyForDeploymentPostprocessing = 0;
		};
/* End PBXFrameworksBuildPhase section */

/* Begin PBXGroup section */
		916707E7209267A6003D962D = {
			isa = PBXGroup;
			children = (
				916707F2209267A7003D962D /* Homework5 */,
				916707F1209267A7003D962D /* Products */,
			);
			sourceTree = "<group>";
		};
		916707F1209267A7003D962D /* Products */ = {
			isa = PBXGroup;
			children = (
				916707F0209267A7003D962D /* Homework5 */,
			);
			name = Products;
			sourceTree = "<group>";
		};
		916707F2209267A7003D962D /* Homework5 */ = {
			isa = PBXGroup;
			children = (
				916707F3209267A7003D962D /* main.cpp */,
				9167080020926D31003D962D /* IDA.h */,
				9167080320926D4C003D962D /* A.cpp */,
				9167080420926D4C003D962D /* A.hpp */,
				916707FA2092680C003D962D /* AStar.cpp */,
				916707FF20926D28003D962D /* STP.h */,
				916707FD20926D1F003D962D /* STP.cpp */,
				9167080120926D36003D962D /* IDA.cpp */,
				916707FB2092680C003D962D /* AStar.hpp */,
			);
			path = Homework5;
			sourceTree = "<group>";
		};
/* End PBXGroup section */

/* Begin PBXNativeTarget section */
		916707EF209267A7003D962D /* Homework5 */ = {
			isa = PBXNativeTarget;
			buildConfigurationList = 916707F7209267A7003D962D /* Build configuration list for PBXNativeTarget "Homework5" */;
			buildPhases = (
				916707EC209267A7003D962D /* Sources */,
				916707ED209267A7003D962D /* Frameworks */,
				916707EE209267A7003D962D /* CopyFiles */,
			);
			buildRules = (
			);
			dependencies = (
			);
			name = Homework5;
			productName = Homework5;
			productReference = 916707F0209267A7003D962D /* Homework5 */;
			productType = "com.apple.product-type.tool";
		};
/* End PBXNativeTarget section */

/* Begin PBXProject section */
		916707E8209267A7003D962D /* Project object */ = {
			isa = PBXProject;
			attributes = {
				LastUpgradeCheck = 0920;
				ORGANIZATIONNAME = "Kai Velagapudi";
				TargetAttributes = {
					916707EF209267A7003D962D = {
						CreatedOnToolsVersion = 9.2;
						ProvisioningStyle = Automatic;
					};
				};
			};
			buildConfigurationList = 916707EB209267A7003D962D /* Build configuration list for PBXProject "Homework5" */;
			compatibilityVersion = "Xcode 8.0";
			developmentRegion = en;
			hasScannedForEncodings = 0;
			knownRegions = (
				en,
			);
			mainGroup = 916707E7209267A6003D962D;
			productRefGroup = 916707F1209267A7003D962D /* Products */;
			projectDirPath = "";
			projectRoot = "";
			targets = (
				916707EF209267A7003D962D /* Homework5 */,
			);
		};
/* End PBXProject section */

/* Begin PBXSourcesBuildPhase section */
		916707EC209267A7003D962D /* Sources */ = {
			isa = PBXSourcesBuildPhase;
			buildActionMask = 2147483647;
			files = (
				9167080520926D4C003D962D /* A.cpp in Sources */,
				916707FE20926D20003D962D /* STP.cpp in Sources */,
				916707F4209267A7003D962D /* main.cpp in Sources */,
				9167080220926D37003D962D /* IDA.cpp in Sources */,
				916707FC2092680C003D962D /* AStar.cpp in Sources */,
			);
			runOnlyForDeploymentPostprocessing = 0;
		};
/* End PBXSourcesBuildPhase section */

/* Begin XCBuildConfiguration section */
		916707F5209267A7003D962D /* Debug */ = {
			isa = XCBuildConfiguration;
			buildSettings = {
				ALWAYS_SEARCH_USER_PATHS = NO;
				CLANG_ANALYZER_NONNULL = YES;
				CLANG_ANALYZER_NUMBER_OBJECT_CONVERSION = YES_AGGRESSIVE;
				CLANG_CXX_LANGUAGE_STANDARD = "gnu++14";
				CLANG_CXX_LIBRARY = "libc++";
				CLANG_ENABLE_MODULES = YES;
				CLANG_ENABLE_OBJC_ARC = YES;
				CLANG_WARN_BLOCK_CAPTURE_AUTORELEASING = YES;
				CLANG_WARN_BOOL_CONVERSION = YES;
				CLANG_WARN_COMMA = YES;
				CLANG_WARN_CONSTANT_CONVERSION = YES;
				CLANG_WARN_DIRECT_OBJC_ISA_USAGE = YES_ERROR;
				CLANG_WARN_DOCUMENTATION_COMMENTS = YES;
				CLANG_WARN_EMPTY_BODY = YES;
				CLANG_WARN_ENUM_CONVERSION = YES;
				CLANG_WARN_INFINITE_RECURSION = YES;
				CLANG_WARN_INT_CONVERSION = YES;
				CLANG_WARN_NON_LITERAL_NULL_CONVERSION = YES;
				CLANG_WARN_OBJC_LITERAL_CONVERSION = YES;
				CLANG_WARN_OBJC_ROOT_CLASS = YES_ERROR;
				CLANG_WARN_RANGE_LOOP_ANALYSIS = YES;
				CLANG_WARN_STRICT_PROTOTYPES = YES;
				CLANG_WARN_SUSPICIOUS_MOVE = YES;
				CLANG_WARN_UNGUARDED_AVAILABILITY = YES_AGGRESSIVE;
				CLANG_WARN_UNREACHABLE_CODE = YES;
				CLANG_WARN__DUPLICATE_METHOD_MATCH = YES;
				CODE_SIGN_IDENTITY = "-";
				COPY_PHASE_STRIP = NO;
				DEBUG_INFORMATION_FORMAT = dwarf;
				ENABLE_STRICT_OBJC_MSGSEND = YES;
				ENABLE_TESTABILITY = YES;
				GCC_C_LANGUAGE_STANDARD = gnu11;
				GCC_DYNAMIC_NO_PIC = NO;
				GCC_NO_COMMON_BLOCKS = YES;
				GCC_OPTIMIZATION_LEVEL = 0;
				GCC_PREPROCESSOR_DEFINITIONS = (
					"DEBUG=1",
					"$(inherited)",
				);
				GCC_WARN_64_TO_32_BIT_CONVERSION = YES;
				GCC_WARN_ABOUT_RETURN_TYPE = YES_ERROR;
				GCC_WARN_UNDECLARED_SELECTOR = YES;
				GCC_WARN_UNINITIALIZED_AUTOS = YES_AGGRESSIVE;
				GCC_WARN_UNUSED_FUNCTION = YES;
				GCC_WARN_UNUSED_VARIABLE = YES;
				MACOSX_DEPLOYMENT_TARGET = 10.12;
				MTL_ENABLE_DEBUG_INFO = YES;
				ONLY_ACTIVE_ARCH = YES;
				SDKROOT = macosx;
			};
			name = Debug;
		};
		916707F6209267A7003D962D /* Release */ = {
			isa = XCBuildConfiguration;
			buildSettings = {
				ALWAYS_SEARCH_USER_PATHS = NO;
				CLANG_ANALYZER_NONNULL = YES;
				CLANG_ANALYZER_NUMBER_OBJECT_CONVERSION = YES_AGGRESSIVE;
				CLANG_CXX_LANGUAGE_STANDARD = "gnu++14";
				CLANG_CXX_LIBRARY = "libc++";
				CLANG_ENABLE_MODULES = YES;
				CLANG_ENABLE_OBJC_ARC = YES;
				CLANG_WARN_BLOCK_CAPTURE_AUTORELEASING = YES;
				CLANG_WARN_BOOL_CONVERSION = YES;
				CLANG_WARN_COMMA = YES;
				CLANG_WARN_CONSTANT_CONVERSION = YES;
				CLANG_WARN_DIRECT_OBJC_ISA_USAGE = YES_ERROR;
				CLANG_WARN_DOCUMENTATION_COMMENTS = YES;
				CLANG_WARN_EMPTY_BODY = YES;
				CLANG_WARN_ENUM_CONVERSION = YES;
				CLANG_WARN_INFINITE_RECURSION = YES;
				CLANG_WARN_INT_CONVERSION = YES;
				CLANG_WARN_NON_LITERAL_NULL_CONVERSION = YES;
				CLANG_WARN_OBJC_LITERAL_CONVERSION = YES;
				CLANG_WARN_OBJC_ROOT_CLASS = YES_ERROR;
				CLANG_WARN_RANGE_LOOP_ANALYSIS = YES;
				CLANG_WARN_STRICT_PROTOTYPES = YES;
				CLANG_WARN_SUSPICIOUS_MOVE = YES;
				CLANG_WARN_UNGUARDED_AVAILABILITY = YES_AGGRESSIVE;
				CLANG_WARN_UNREACHABLE_CODE = YES;
				CLANG_WARN__DUPLICATE_METHOD_MATCH = YES;
				CODE_SIGN_IDENTITY = "-";
				COPY_PHASE_STRIP = NO;
				DEBUG_INFORMATION_FORMAT = "dwarf-with-dsym";
				ENABLE_NS_ASSERTIONS = NO;
				ENABLE_STRICT_OBJC_MSGSEND = YES;
				GCC_C_LANGUAGE_STANDARD = gnu11;
				GCC_NO_COMMON_BLOCKS = YES;
				GCC_WARN_64_TO_32_BIT_CONVERSION = YES;
				GCC_WARN_ABOUT_RETURN_TYPE = YES_ERROR;
				GCC_WARN_UNDECLARED_SELECTOR = YES;
				GCC_WARN_UNINITIALIZED_AUTOS = YES_AGGRESSIVE;
				GCC_WARN_UNUSED_FUNCTION = YES;
				GCC_WARN_UNUSED_VARIABLE = YES;
				MACOSX_DEPLOYMENT_TARGET = 10.12;
				MTL_ENABLE_DEBUG_INFO = NO;
				SDKROOT = macosx;
			};
			name = Release;
		};
		916707F8209267A7003D962D /* Debug */ = {
			isa = XCBuildConfiguration;
			buildSettings = {
				CODE_SIGN_STYLE = Automatic;
				PRODUCT_NAME = "$(TARGET_NAME)";
			};
			name = Debug;
		};
		916707F9209267A7003D962D /* Release */ = {
			isa = XCBuildConfiguration;
			buildSettings = {
				CODE_SIGN_STYLE = Automatic;
				PRODUCT_NAME = "$(TARGET_NAME)";
			};
			name = Release;
		};
/* End XCBuildConfiguration section */

/* Begin XCConfigurationList section */
		916707EB209267A7003D962D /* Build configuration list for PBXProject "Homework5" */ = {
			isa = XCConfigurationList;
			buildConfigurations = (
				916707F5209267A7003D962D /* Debug */,
				916707F6209267A7003D962D /* Release */,
			);
			defaultConfigurationIsVisible = 0;
			defaultConfigurationName = Release;
		};
		916707F7209267A7003D962D /* Build configuration list for PBXNativeTarget "Homework5" */ = {
			isa = XCConfigurationList;
			buildConfigurations = (
				916707F8209267A7003D962D /* Debug */,
				916707F9209267A7003D962D /* Release */,
			);
			defaultConfigurationIsVisible = 0;
			defaultConfigurationName = Release;
		};
/* End XCConfigurationList section */
	};
	rootObject = 916707E8209267A7003D962D /* Project object */;
}
