// !$*UTF8*$!
{
	archiveVersion = 1;
	classes = {
	};
	objectVersion = 48;
	objects = {

/* Begin PBXBuildFile section */
		91928522209B945500047895 /* heuristic.cpp in Sources */ = {isa = PBXBuildFile; fileRef = 9192850F209B945400047895 /* heuristic.cpp */; };
		91928523209B945500047895 /* main.cpp in Sources */ = {isa = PBXBuildFile; fileRef = 91928510209B945400047895 /* main.cpp */; };
		91928524209B945500047895 /* BFS.cpp in Sources */ = {isa = PBXBuildFile; fileRef = 91928511209B945400047895 /* BFS.cpp */; };
		91928525209B945500047895 /* Ranking.cpp in Sources */ = {isa = PBXBuildFile; fileRef = 91928512209B945400047895 /* Ranking.cpp */; };
		91928526209B945500047895 /* STP.cpp in Sources */ = {isa = PBXBuildFile; fileRef = 91928519209B945400047895 /* STP.cpp */; };
		91928527209B945500047895 /* MaxHeuristic.cpp in Sources */ = {isa = PBXBuildFile; fileRef = 9192851B209B945500047895 /* MaxHeuristic.cpp */; };
		91928528209B945500047895 /* DFID.cpp in Sources */ = {isa = PBXBuildFile; fileRef = 9192851D209B945500047895 /* DFID.cpp */; };
		91928529209B945500047895 /* InefficientAStar.cpp in Sources */ = {isa = PBXBuildFile; fileRef = 9192851F209B945500047895 /* InefficientAStar.cpp */; };
		9192852A209B945500047895 /* PDB.cpp in Sources */ = {isa = PBXBuildFile; fileRef = 91928520209B945500047895 /* PDB.cpp */; };
		9192852B209B945500047895 /* Timer.cpp in Sources */ = {isa = PBXBuildFile; fileRef = 91928521209B945500047895 /* Timer.cpp */; };
		9192852E209B96E400047895 /* EfficientAStar.cpp in Sources */ = {isa = PBXBuildFile; fileRef = 9192852C209B96E400047895 /* EfficientAStar.cpp */; };
/* End PBXBuildFile section */

/* Begin PBXCopyFilesBuildPhase section */
		916707EE209267A7003D962D /* CopyFiles */ = {
			isa = PBXCopyFilesBuildPhase;
			buildActionMask = 2147483647;
			dstPath = /usr/share/man/man1/;
			dstSubfolderSpec = 0;
			files = (
			);
			runOnlyForDeploymentPostprocessing = 1;
		};
/* End PBXCopyFilesBuildPhase section */

/* Begin PBXFileReference section */
		916707F0209267A7003D962D /* Homework5 */ = {isa = PBXFileReference; explicitFileType = "compiled.mach-o.executable"; includeInIndex = 0; path = Homework5; sourceTree = BUILT_PRODUCTS_DIR; };
		9192850F209B945400047895 /* heuristic.cpp */ = {isa = PBXFileReference; fileEncoding = 4; lastKnownFileType = sourcecode.cpp.cpp; path = heuristic.cpp; sourceTree = SOURCE_ROOT; };
		91928510209B945400047895 /* main.cpp */ = {isa = PBXFileReference; fileEncoding = 4; lastKnownFileType = sourcecode.cpp.cpp; path = main.cpp; sourceTree = SOURCE_ROOT; };
		91928511209B945400047895 /* BFS.cpp */ = {isa = PBXFileReference; fileEncoding = 4; lastKnownFileType = sourcecode.cpp.cpp; path = BFS.cpp; sourceTree = SOURCE_ROOT; };
		91928512209B945400047895 /* Ranking.cpp */ = {isa = PBXFileReference; fileEncoding = 4; lastKnownFileType = sourcecode.cpp.cpp; path = Ranking.cpp; sourceTree = SOURCE_ROOT; };
		91928513209B945400047895 /* InefficientAStar.h */ = {isa = PBXFileReference; fileEncoding = 4; lastKnownFileType = sourcecode.c.h; path = InefficientAStar.h; sourceTree = SOURCE_ROOT; };
		91928514209B945400047895 /* Ranking.h */ = {isa = PBXFileReference; fileEncoding = 4; lastKnownFileType = sourcecode.c.h; path = Ranking.h; sourceTree = SOURCE_ROOT; };
		91928515209B945400047895 /* Timer.h */ = {isa = PBXFileReference; fileEncoding = 4; lastKnownFileType = sourcecode.c.h; path = Timer.h; sourceTree = SOURCE_ROOT; };
		91928516209B945400047895 /* DFID.h */ = {isa = PBXFileReference; fileEncoding = 4; lastKnownFileType = sourcecode.c.h; path = DFID.h; sourceTree = SOURCE_ROOT; };
		91928517209B945400047895 /* STP.h */ = {isa = PBXFileReference; fileEncoding = 4; lastKnownFileType = sourcecode.c.h; path = STP.h; sourceTree = SOURCE_ROOT; };
		91928518209B945400047895 /* PDB.h */ = {isa = PBXFileReference; fileEncoding = 4; lastKnownFileType = sourcecode.c.h; path = PDB.h; sourceTree = SOURCE_ROOT; };
		91928519209B945400047895 /* STP.cpp */ = {isa = PBXFileReference; fileEncoding = 4; lastKnownFileType = sourcecode.cpp.cpp; path = STP.cpp; sourceTree = SOURCE_ROOT; };
		9192851A209B945400047895 /* heuristic.h */ = {isa = PBXFileReference; fileEncoding = 4; lastKnownFileType = sourcecode.c.h; path = heuristic.h; sourceTree = SOURCE_ROOT; };
		9192851B209B945500047895 /* MaxHeuristic.cpp */ = {isa = PBXFileReference; fileEncoding = 4; lastKnownFileType = sourcecode.cpp.cpp; path = MaxHeuristic.cpp; sourceTree = SOURCE_ROOT; };
		9192851C209B945500047895 /* BFS.h */ = {isa = PBXFileReference; fileEncoding = 4; lastKnownFileType = sourcecode.c.h; path = BFS.h; sourceTree = SOURCE_ROOT; };
		9192851D209B945500047895 /* DFID.cpp */ = {isa = PBXFileReference; fileEncoding = 4; lastKnownFileType = sourcecode.cpp.cpp; path = DFID.cpp; sourceTree = SOURCE_ROOT; };
		9192851E209B945500047895 /* MaxHeuristic.h */ = {isa = PBXFileReference; fileEncoding = 4; lastKnownFileType = sourcecode.c.h; path = MaxHeuristic.h; sourceTree = SOURCE_ROOT; };
		9192851F209B945500047895 /* InefficientAStar.cpp */ = {isa = PBXFileReference; fileEncoding = 4; lastKnownFileType = sourcecode.cpp.cpp; path = InefficientAStar.cpp; sourceTree = SOURCE_ROOT; };
		91928520209B945500047895 /* PDB.cpp */ = {isa = PBXFileReference; fileEncoding = 4; lastKnownFileType = sourcecode.cpp.cpp; path = PDB.cpp; sourceTree = SOURCE_ROOT; };
		91928521209B945500047895 /* Timer.cpp */ = {isa = PBXFileReference; fileEncoding = 4; lastKnownFileType = sourcecode.cpp.cpp; path = Timer.cpp; sourceTree = SOURCE_ROOT; };
		9192852C209B96E400047895 /* EfficientAStar.cpp */ = {isa = PBXFileReference; lastKnownFileType = sourcecode.cpp.cpp; path = EfficientAStar.cpp; sourceTree = "<group>"; };
		9192852D209B96E400047895 /* EfficientAStar.hpp */ = {isa = PBXFileReference; lastKnownFileType = sourcecode.cpp.h; path = EfficientAStar.hpp; sourceTree = "<group>"; };
/* End PBXFileReference section */

/* Begin PBXFrameworksBuildPhase section */
		916707ED209267A7003D962D /* Frameworks */ = {
			isa = PBXFrameworksBuildPhase;
			buildActionMask = 2147483647;
			files = (
			);
			runOnlyForDeploymentPostprocessing = 0;
		};
/* End PBXFrameworksBuildPhase section */

/* Begin PBXGroup section */
		916707E7209267A6003D962D = {
			isa = PBXGroup;
			children = (
				916707F2209267A7003D962D /* Homework5 */,
				916707F1209267A7003D962D /* Products */,
			);
			sourceTree = "<group>";
		};
		916707F1209267A7003D962D /* Products */ = {
			isa = PBXGroup;
			children = (
				916707F0209267A7003D962D /* Homework5 */,
			);
			name = Products;
			sourceTree = "<group>";
		};
		916707F2209267A7003D962D /* Homework5 */ = {
			isa = PBXGroup;
			children = (
				91928511209B945400047895 /* BFS.cpp */,
				9192851C209B945500047895 /* BFS.h */,
				9192851D209B945500047895 /* DFID.cpp */,
				91928516209B945400047895 /* DFID.h */,
				9192850F209B945400047895 /* heuristic.cpp */,
				9192851A209B945400047895 /* heuristic.h */,
				9192851F209B945500047895 /* InefficientAStar.cpp */,
				91928513209B945400047895 /* InefficientAStar.h */,
				9192852C209B96E400047895 /* EfficientAStar.cpp */,
				9192852D209B96E400047895 /* EfficientAStar.hpp */,
				91928510209B945400047895 /* main.cpp */,
				9192851B209B945500047895 /* MaxHeuristic.cpp */,
				9192851E209B945500047895 /* MaxHeuristic.h */,
				91928520209B945500047895 /* PDB.cpp */,
				91928518209B945400047895 /* PDB.h */,
				91928512209B945400047895 /* Ranking.cpp */,
				91928514209B945400047895 /* Ranking.h */,
				91928519209B945400047895 /* STP.cpp */,
				91928517209B945400047895 /* STP.h */,
				91928521209B945500047895 /* Timer.cpp */,
				91928515209B945400047895 /* Timer.h */,
			);
			path = Homework5;
			sourceTree = "<group>";
		};
/* End PBXGroup section */

/* Begin PBXNativeTarget section */
		916707EF209267A7003D962D /* Homework5 */ = {
			isa = PBXNativeTarget;
			buildConfigurationList = 916707F7209267A7003D962D /* Build configuration list for PBXNativeTarget "Homework5" */;
			buildPhases = (
				916707EC209267A7003D962D /* Sources */,
				916707ED209267A7003D962D /* Frameworks */,
				916707EE209267A7003D962D /* CopyFiles */,
			);
			buildRules = (
			);
			dependencies = (
			);
			name = Homework5;
			productName = Homework5;
			productReference = 916707F0209267A7003D962D /* Homework5 */;
			productType = "com.apple.product-type.tool";
		};
/* End PBXNativeTarget section */

/* Begin PBXProject section */
		916707E8209267A7003D962D /* Project object */ = {
			isa = PBXProject;
			attributes = {
				LastUpgradeCheck = 0920;
				ORGANIZATIONNAME = "Kai Velagapudi";
				TargetAttributes = {
					916707EF209267A7003D962D = {
						CreatedOnToolsVersion = 9.2;
						ProvisioningStyle = Automatic;
					};
				};
			};
			buildConfigurationList = 916707EB209267A7003D962D /* Build configuration list for PBXProject "Homework5" */;
			compatibilityVersion = "Xcode 8.0";
			developmentRegion = en;
			hasScannedForEncodings = 0;
			knownRegions = (
				en,
			);
			mainGroup = 916707E7209267A6003D962D;
			productRefGroup = 916707F1209267A7003D962D /* Products */;
			projectDirPath = "";
			projectRoot = "";
			targets = (
				916707EF209267A7003D962D /* Homework5 */,
			);
		};
/* End PBXProject section */

/* Begin PBXSourcesBuildPhase section */
		916707EC209267A7003D962D /* Sources */ = {
			isa = PBXSourcesBuildPhase;
			buildActionMask = 2147483647;
			files = (
				91928526209B945500047895 /* STP.cpp in Sources */,
				91928528209B945500047895 /* DFID.cpp in Sources */,
				91928527209B945500047895 /* MaxHeuristic.cpp in Sources */,
				9192852B209B945500047895 /* Timer.cpp in Sources */,
				91928524209B945500047895 /* BFS.cpp in Sources */,
				91928529209B945500047895 /* InefficientAStar.cpp in Sources */,
				91928523209B945500047895 /* main.cpp in Sources */,
				9192852A209B945500047895 /* PDB.cpp in Sources */,
				9192852E209B96E400047895 /* EfficientAStar.cpp in Sources */,
				91928525209B945500047895 /* Ranking.cpp in Sources */,
				91928522209B945500047895 /* heuristic.cpp in Sources */,
			);
			runOnlyForDeploymentPostprocessing = 0;
		};
/* End PBXSourcesBuildPhase section */

/* Begin XCBuildConfiguration section */
		916707F5209267A7003D962D /* Debug */ = {
			isa = XCBuildConfiguration;
			buildSettings = {
				ALWAYS_SEARCH_USER_PATHS = NO;
				CLANG_ANALYZER_NONNULL = YES;
				CLANG_ANALYZER_NUMBER_OBJECT_CONVERSION = YES_AGGRESSIVE;
				CLANG_CXX_LANGUAGE_STANDARD = "gnu++14";
				CLANG_CXX_LIBRARY = "libc++";
				CLANG_ENABLE_MODULES = YES;
				CLANG_ENABLE_OBJC_ARC = YES;
				CLANG_WARN_BLOCK_CAPTURE_AUTORELEASING = YES;
				CLANG_WARN_BOOL_CONVERSION = YES;
				CLANG_WARN_COMMA = YES;
				CLANG_WARN_CONSTANT_CONVERSION = YES;
				CLANG_WARN_DIRECT_OBJC_ISA_USAGE = YES_ERROR;
				CLANG_WARN_DOCUMENTATION_COMMENTS = YES;
				CLANG_WARN_EMPTY_BODY = YES;
				CLANG_WARN_ENUM_CONVERSION = YES;
				CLANG_WARN_INFINITE_RECURSION = YES;
				CLANG_WARN_INT_CONVERSION = YES;
				CLANG_WARN_NON_LITERAL_NULL_CONVERSION = YES;
				CLANG_WARN_OBJC_LITERAL_CONVERSION = YES;
				CLANG_WARN_OBJC_ROOT_CLASS = YES_ERROR;
				CLANG_WARN_RANGE_LOOP_ANALYSIS = YES;
				CLANG_WARN_STRICT_PROTOTYPES = YES;
				CLANG_WARN_SUSPICIOUS_MOVE = YES;
				CLANG_WARN_UNGUARDED_AVAILABILITY = YES_AGGRESSIVE;
				CLANG_WARN_UNREACHABLE_CODE = YES;
				CLANG_WARN__DUPLICATE_METHOD_MATCH = YES;
				CODE_SIGN_IDENTITY = "-";
				COPY_PHASE_STRIP = NO;
				DEBUG_INFORMATION_FORMAT = dwarf;
				ENABLE_STRICT_OBJC_MSGSEND = YES;
				ENABLE_TESTABILITY = YES;
				GCC_C_LANGUAGE_STANDARD = gnu11;
				GCC_DYNAMIC_NO_PIC = NO;
				GCC_NO_COMMON_BLOCKS = YES;
				GCC_OPTIMIZATION_LEVEL = 0;
				GCC_PREPROCESSOR_DEFINITIONS = (
					"DEBUG=1",
					"$(inherited)",
				);
				GCC_WARN_64_TO_32_BIT_CONVERSION = YES;
				GCC_WARN_ABOUT_RETURN_TYPE = YES_ERROR;
				GCC_WARN_UNDECLARED_SELECTOR = YES;
				GCC_WARN_UNINITIALIZED_AUTOS = YES_AGGRESSIVE;
				GCC_WARN_UNUSED_FUNCTION = YES;
				GCC_WARN_UNUSED_VARIABLE = YES;
				MACOSX_DEPLOYMENT_TARGET = 10.12;
				MTL_ENABLE_DEBUG_INFO = YES;
				ONLY_ACTIVE_ARCH = YES;
				SDKROOT = macosx;
			};
			name = Debug;
		};
		916707F6209267A7003D962D /* Release */ = {
			isa = XCBuildConfiguration;
			buildSettings = {
				ALWAYS_SEARCH_USER_PATHS = NO;
				CLANG_ANALYZER_NONNULL = YES;
				CLANG_ANALYZER_NUMBER_OBJECT_CONVERSION = YES_AGGRESSIVE;
				CLANG_CXX_LANGUAGE_STANDARD = "gnu++14";
				CLANG_CXX_LIBRARY = "libc++";
				CLANG_ENABLE_MODULES = YES;
				CLANG_ENABLE_OBJC_ARC = YES;
				CLANG_WARN_BLOCK_CAPTURE_AUTORELEASING = YES;
				CLANG_WARN_BOOL_CONVERSION = YES;
				CLANG_WARN_COMMA = YES;
				CLANG_WARN_CONSTANT_CONVERSION = YES;
				CLANG_WARN_DIRECT_OBJC_ISA_USAGE = YES_ERROR;
				CLANG_WARN_DOCUMENTATION_COMMENTS = YES;
				CLANG_WARN_EMPTY_BODY = YES;
				CLANG_WARN_ENUM_CONVERSION = YES;
				CLANG_WARN_INFINITE_RECURSION = YES;
				CLANG_WARN_INT_CONVERSION = YES;
				CLANG_WARN_NON_LITERAL_NULL_CONVERSION = YES;
				CLANG_WARN_OBJC_LITERAL_CONVERSION = YES;
				CLANG_WARN_OBJC_ROOT_CLASS = YES_ERROR;
				CLANG_WARN_RANGE_LOOP_ANALYSIS = YES;
				CLANG_WARN_STRICT_PROTOTYPES = YES;
				CLANG_WARN_SUSPICIOUS_MOVE = YES;
				CLANG_WARN_UNGUARDED_AVAILABILITY = YES_AGGRESSIVE;
				CLANG_WARN_UNREACHABLE_CODE = YES;
				CLANG_WARN__DUPLICATE_METHOD_MATCH = YES;
				CODE_SIGN_IDENTITY = "-";
				COPY_PHASE_STRIP = NO;
				DEBUG_INFORMATION_FORMAT = "dwarf-with-dsym";
				ENABLE_NS_ASSERTIONS = NO;
				ENABLE_STRICT_OBJC_MSGSEND = YES;
				GCC_C_LANGUAGE_STANDARD = gnu11;
				GCC_NO_COMMON_BLOCKS = YES;
				GCC_WARN_64_TO_32_BIT_CONVERSION = YES;
				GCC_WARN_ABOUT_RETURN_TYPE = YES_ERROR;
				GCC_WARN_UNDECLARED_SELECTOR = YES;
				GCC_WARN_UNINITIALIZED_AUTOS = YES_AGGRESSIVE;
				GCC_WARN_UNUSED_FUNCTION = YES;
				GCC_WARN_UNUSED_VARIABLE = YES;
				MACOSX_DEPLOYMENT_TARGET = 10.12;
				MTL_ENABLE_DEBUG_INFO = NO;
				SDKROOT = macosx;
			};
			name = Release;
		};
		916707F8209267A7003D962D /* Debug */ = {
			isa = XCBuildConfiguration;
			buildSettings = {
				CODE_SIGN_STYLE = Automatic;
				PRODUCT_NAME = "$(TARGET_NAME)";
			};
			name = Debug;
		};
		916707F9209267A7003D962D /* Release */ = {
			isa = XCBuildConfiguration;
			buildSettings = {
				CODE_SIGN_STYLE = Automatic;
				PRODUCT_NAME = "$(TARGET_NAME)";
			};
			name = Release;
		};
/* End XCBuildConfiguration section */

/* Begin XCConfigurationList section */
		916707EB209267A7003D962D /* Build configuration list for PBXProject "Homework5" */ = {
			isa = XCConfigurationList;
			buildConfigurations = (
				916707F5209267A7003D962D /* Debug */,
				916707F6209267A7003D962D /* Release */,
			);
			defaultConfigurationIsVisible = 0;
			defaultConfigurationName = Release;
		};
		916707F7209267A7003D962D /* Build configuration list for PBXNativeTarget "Homework5" */ = {
			isa = XCConfigurationList;
			buildConfigurations = (
				916707F8209267A7003D962D /* Debug */,
				916707F9209267A7003D962D /* Release */,
			);
			defaultConfigurationIsVisible = 0;
			defaultConfigurationName = Release;
		};
/* End XCConfigurationList section */
	};
	rootObject = 916707E8209267A7003D962D /* Project object */;
}
