// !$*UTF8*$!
{
	archiveVersion = 1;
	classes = {
	};
	objectVersion = 48;
	objects = {

/* Begin PBXBuildFile section */
		9170E9C3207D5B370097F130 /* heuristic.cpp in Sources */ = {isa = PBXBuildFile; fileRef = 9170E9C1207D5B370097F130 /* heuristic.cpp */; };
		91D16F1B207D42DA00C12951 /* STP.cpp in Sources */ = {isa = PBXBuildFile; fileRef = 91D16F1A207D42DA00C12951 /* STP.cpp */; };
		91D16F1E207D42E600C12951 /* Timer.cpp in Sources */ = {isa = PBXBuildFile; fileRef = 91D16F1D207D42E600C12951 /* Timer.cpp */; };
		91D16F21207D42F200C12951 /* main.cpp in Sources */ = {isa = PBXBuildFile; fileRef = 91D16F20207D42F100C12951 /* main.cpp */; };
		91D16F27207D499600C12951 /* IDA.cpp in Sources */ = {isa = PBXBuildFile; fileRef = 91D16F25207D499600C12951 /* IDA.cpp */; };
/* End PBXBuildFile section */

/* Begin PBXCopyFilesBuildPhase section */
		91D16F0E207D421400C12951 /* CopyFiles */ = {
			isa = PBXCopyFilesBuildPhase;
			buildActionMask = 2147483647;
			dstPath = /usr/share/man/man1/;
			dstSubfolderSpec = 0;
			files = (
			);
			runOnlyForDeploymentPostprocessing = 1;
		};
/* End PBXCopyFilesBuildPhase section */

/* Begin PBXFileReference section */
		9170E9C1207D5B370097F130 /* heuristic.cpp */ = {isa = PBXFileReference; lastKnownFileType = sourcecode.cpp.cpp; path = heuristic.cpp; sourceTree = "<group>"; };
		9170E9C2207D5B370097F130 /* heuristic.hpp */ = {isa = PBXFileReference; lastKnownFileType = sourcecode.cpp.h; path = heuristic.hpp; sourceTree = "<group>"; };
		91D16F10207D421400C12951 /* Homework3 */ = {isa = PBXFileReference; explicitFileType = "compiled.mach-o.executable"; includeInIndex = 0; path = Homework3; sourceTree = BUILT_PRODUCTS_DIR; };
		91D16F1A207D42DA00C12951 /* STP.cpp */ = {isa = PBXFileReference; fileEncoding = 4; lastKnownFileType = sourcecode.cpp.cpp; path = STP.cpp; sourceTree = "<group>"; };
		91D16F1C207D42DF00C12951 /* STP.h */ = {isa = PBXFileReference; lastKnownFileType = sourcecode.c.h; path = STP.h; sourceTree = "<group>"; };
		91D16F1D207D42E600C12951 /* Timer.cpp */ = {isa = PBXFileReference; fileEncoding = 4; lastKnownFileType = sourcecode.cpp.cpp; path = Timer.cpp; sourceTree = "<group>"; };
		91D16F1F207D42EC00C12951 /* Timer.h */ = {isa = PBXFileReference; lastKnownFileType = sourcecode.c.h; path = Timer.h; sourceTree = "<group>"; };
		91D16F20207D42F100C12951 /* main.cpp */ = {isa = PBXFileReference; fileEncoding = 4; lastKnownFileType = sourcecode.cpp.cpp; path = main.cpp; sourceTree = "<group>"; };
		91D16F23207D43A700C12951 /* IDAData.hpp */ = {isa = PBXFileReference; lastKnownFileType = sourcecode.cpp.h; path = IDAData.hpp; sourceTree = "<group>"; };
		91D16F25207D499600C12951 /* IDA.cpp */ = {isa = PBXFileReference; lastKnownFileType = sourcecode.cpp.cpp; path = IDA.cpp; sourceTree = "<group>"; };
		91D16F26207D499600C12951 /* IDA.hpp */ = {isa = PBXFileReference; lastKnownFileType = sourcecode.cpp.h; path = IDA.hpp; sourceTree = "<group>"; };
/* End PBXFileReference section */

/* Begin PBXFrameworksBuildPhase section */
		91D16F0D207D421400C12951 /* Frameworks */ = {
			isa = PBXFrameworksBuildPhase;
			buildActionMask = 2147483647;
			files = (
			);
			runOnlyForDeploymentPostprocessing = 0;
		};
/* End PBXFrameworksBuildPhase section */

/* Begin PBXGroup section */
		91D16F07207D421300C12951 = {
			isa = PBXGroup;
			children = (
				91D16F12207D421400C12951 /* Homework3 */,
				91D16F11207D421400C12951 /* Products */,
			);
			sourceTree = "<group>";
		};
		91D16F11207D421400C12951 /* Products */ = {
			isa = PBXGroup;
			children = (
				91D16F10207D421400C12951 /* Homework3 */,
			);
			name = Products;
			sourceTree = "<group>";
		};
		91D16F12207D421400C12951 /* Homework3 */ = {
			isa = PBXGroup;
			children = (
				91D16F1A207D42DA00C12951 /* STP.cpp */,
				91D16F1C207D42DF00C12951 /* STP.h */,
				91D16F25207D499600C12951 /* IDA.cpp */,
				9170E9C1207D5B370097F130 /* heuristic.cpp */,
				9170E9C2207D5B370097F130 /* heuristic.hpp */,
				91D16F26207D499600C12951 /* IDA.hpp */,
				91D16F1D207D42E600C12951 /* Timer.cpp */,
				91D16F1F207D42EC00C12951 /* Timer.h */,
				91D16F20207D42F100C12951 /* main.cpp */,
				91D16F23207D43A700C12951 /* IDAData.hpp */,
			);
			path = Homework3;
			sourceTree = "<group>";
		};
/* End PBXGroup section */

/* Begin PBXNativeTarget section */
		91D16F0F207D421400C12951 /* Homework3 */ = {
			isa = PBXNativeTarget;
			buildConfigurationList = 91D16F17207D421500C12951 /* Build configuration list for PBXNativeTarget "Homework3" */;
			buildPhases = (
				91D16F0C207D421400C12951 /* Sources */,
				91D16F0D207D421400C12951 /* Frameworks */,
				91D16F0E207D421400C12951 /* CopyFiles */,
			);
			buildRules = (
			);
			dependencies = (
			);
			name = Homework3;
			productName = Homework3;
			productReference = 91D16F10207D421400C12951 /* Homework3 */;
			productType = "com.apple.product-type.tool";
		};
/* End PBXNativeTarget section */

/* Begin PBXProject section */
		91D16F08207D421300C12951 /* Project object */ = {
			isa = PBXProject;
			attributes = {
				LastUpgradeCheck = 0920;
				ORGANIZATIONNAME = "Kai Velagapudi";
				TargetAttributes = {
					91D16F0F207D421400C12951 = {
						CreatedOnToolsVersion = 9.2;
						ProvisioningStyle = Automatic;
					};
				};
			};
			buildConfigurationList = 91D16F0B207D421300C12951 /* Build configuration list for PBXProject "Homework3" */;
			compatibilityVersion = "Xcode 8.0";
			developmentRegion = en;
			hasScannedForEncodings = 0;
			knownRegions = (
				en,
			);
			mainGroup = 91D16F07207D421300C12951;
			productRefGroup = 91D16F11207D421400C12951 /* Products */;
			projectDirPath = "";
			projectRoot = "";
			targets = (
				91D16F0F207D421400C12951 /* Homework3 */,
			);
		};
/* End PBXProject section */

/* Begin PBXSourcesBuildPhase section */
		91D16F0C207D421400C12951 /* Sources */ = {
			isa = PBXSourcesBuildPhase;
			buildActionMask = 2147483647;
			files = (
				91D16F1B207D42DA00C12951 /* STP.cpp in Sources */,
				91D16F1E207D42E600C12951 /* Timer.cpp in Sources */,
				91D16F27207D499600C12951 /* IDA.cpp in Sources */,
				9170E9C3207D5B370097F130 /* heuristic.cpp in Sources */,
				91D16F21207D42F200C12951 /* main.cpp in Sources */,
			);
			runOnlyForDeploymentPostprocessing = 0;
		};
/* End PBXSourcesBuildPhase section */

/* Begin XCBuildConfiguration section */
		91D16F15207D421500C12951 /* Debug */ = {
			isa = XCBuildConfiguration;
			buildSettings = {
				ALWAYS_SEARCH_USER_PATHS = NO;
				CLANG_ANALYZER_NONNULL = YES;
				CLANG_ANALYZER_NUMBER_OBJECT_CONVERSION = YES_AGGRESSIVE;
				CLANG_CXX_LANGUAGE_STANDARD = "gnu++14";
				CLANG_CXX_LIBRARY = "libc++";
				CLANG_ENABLE_MODULES = YES;
				CLANG_ENABLE_OBJC_ARC = YES;
				CLANG_WARN_BLOCK_CAPTURE_AUTORELEASING = YES;
				CLANG_WARN_BOOL_CONVERSION = YES;
				CLANG_WARN_COMMA = YES;
				CLANG_WARN_CONSTANT_CONVERSION = YES;
				CLANG_WARN_DIRECT_OBJC_ISA_USAGE = YES_ERROR;
				CLANG_WARN_DOCUMENTATION_COMMENTS = YES;
				CLANG_WARN_EMPTY_BODY = YES;
				CLANG_WARN_ENUM_CONVERSION = YES;
				CLANG_WARN_INFINITE_RECURSION = YES;
				CLANG_WARN_INT_CONVERSION = YES;
				CLANG_WARN_NON_LITERAL_NULL_CONVERSION = YES;
				CLANG_WARN_OBJC_LITERAL_CONVERSION = YES;
				CLANG_WARN_OBJC_ROOT_CLASS = YES_ERROR;
				CLANG_WARN_RANGE_LOOP_ANALYSIS = YES;
				CLANG_WARN_STRICT_PROTOTYPES = YES;
				CLANG_WARN_SUSPICIOUS_MOVE = YES;
				CLANG_WARN_UNGUARDED_AVAILABILITY = YES_AGGRESSIVE;
				CLANG_WARN_UNREACHABLE_CODE = YES;
				CLANG_WARN__DUPLICATE_METHOD_MATCH = YES;
				CODE_SIGN_IDENTITY = "-";
				COPY_PHASE_STRIP = NO;
				DEBUG_INFORMATION_FORMAT = dwarf;
				ENABLE_STRICT_OBJC_MSGSEND = YES;
				ENABLE_TESTABILITY = YES;
				GCC_C_LANGUAGE_STANDARD = gnu11;
				GCC_DYNAMIC_NO_PIC = NO;
				GCC_NO_COMMON_BLOCKS = YES;
				GCC_OPTIMIZATION_LEVEL = 0;
				GCC_PREPROCESSOR_DEFINITIONS = (
					"DEBUG=1",
					"$(inherited)",
				);
				GCC_WARN_64_TO_32_BIT_CONVERSION = YES;
				GCC_WARN_ABOUT_RETURN_TYPE = YES_ERROR;
				GCC_WARN_UNDECLARED_SELECTOR = YES;
				GCC_WARN_UNINITIALIZED_AUTOS = YES_AGGRESSIVE;
				GCC_WARN_UNUSED_FUNCTION = YES;
				GCC_WARN_UNUSED_VARIABLE = YES;
				MACOSX_DEPLOYMENT_TARGET = 10.12;
				MTL_ENABLE_DEBUG_INFO = YES;
				ONLY_ACTIVE_ARCH = YES;
				SDKROOT = macosx;
			};
			name = Debug;
		};
		91D16F16207D421500C12951 /* Release */ = {
			isa = XCBuildConfiguration;
			buildSettings = {
				ALWAYS_SEARCH_USER_PATHS = NO;
				CLANG_ANALYZER_NONNULL = YES;
				CLANG_ANALYZER_NUMBER_OBJECT_CONVERSION = YES_AGGRESSIVE;
				CLANG_CXX_LANGUAGE_STANDARD = "gnu++14";
				CLANG_CXX_LIBRARY = "libc++";
				CLANG_ENABLE_MODULES = YES;
				CLANG_ENABLE_OBJC_ARC = YES;
				CLANG_WARN_BLOCK_CAPTURE_AUTORELEASING = YES;
				CLANG_WARN_BOOL_CONVERSION = YES;
				CLANG_WARN_COMMA = YES;
				CLANG_WARN_CONSTANT_CONVERSION = YES;
				CLANG_WARN_DIRECT_OBJC_ISA_USAGE = YES_ERROR;
				CLANG_WARN_DOCUMENTATION_COMMENTS = YES;
				CLANG_WARN_EMPTY_BODY = YES;
				CLANG_WARN_ENUM_CONVERSION = YES;
				CLANG_WARN_INFINITE_RECURSION = YES;
				CLANG_WARN_INT_CONVERSION = YES;
				CLANG_WARN_NON_LITERAL_NULL_CONVERSION = YES;
				CLANG_WARN_OBJC_LITERAL_CONVERSION = YES;
				CLANG_WARN_OBJC_ROOT_CLASS = YES_ERROR;
				CLANG_WARN_RANGE_LOOP_ANALYSIS = YES;
				CLANG_WARN_STRICT_PROTOTYPES = YES;
				CLANG_WARN_SUSPICIOUS_MOVE = YES;
				CLANG_WARN_UNGUARDED_AVAILABILITY = YES_AGGRESSIVE;
				CLANG_WARN_UNREACHABLE_CODE = YES;
				CLANG_WARN__DUPLICATE_METHOD_MATCH = YES;
				CODE_SIGN_IDENTITY = "-";
				COPY_PHASE_STRIP = NO;
				DEBUG_INFORMATION_FORMAT = "dwarf-with-dsym";
				ENABLE_NS_ASSERTIONS = NO;
				ENABLE_STRICT_OBJC_MSGSEND = YES;
				GCC_C_LANGUAGE_STANDARD = gnu11;
				GCC_NO_COMMON_BLOCKS = YES;
				GCC_WARN_64_TO_32_BIT_CONVERSION = YES;
				GCC_WARN_ABOUT_RETURN_TYPE = YES_ERROR;
				GCC_WARN_UNDECLARED_SELECTOR = YES;
				GCC_WARN_UNINITIALIZED_AUTOS = YES_AGGRESSIVE;
				GCC_WARN_UNUSED_FUNCTION = YES;
				GCC_WARN_UNUSED_VARIABLE = YES;
				MACOSX_DEPLOYMENT_TARGET = 10.12;
				MTL_ENABLE_DEBUG_INFO = NO;
				SDKROOT = macosx;
			};
			name = Release;
		};
		91D16F18207D421500C12951 /* Debug */ = {
			isa = XCBuildConfiguration;
			buildSettings = {
				CODE_SIGN_STYLE = Automatic;
				PRODUCT_NAME = "$(TARGET_NAME)";
			};
			name = Debug;
		};
		91D16F19207D421500C12951 /* Release */ = {
			isa = XCBuildConfiguration;
			buildSettings = {
				CODE_SIGN_STYLE = Automatic;
				PRODUCT_NAME = "$(TARGET_NAME)";
			};
			name = Release;
		};
/* End XCBuildConfiguration section */

/* Begin XCConfigurationList section */
		91D16F0B207D421300C12951 /* Build configuration list for PBXProject "Homework3" */ = {
			isa = XCConfigurationList;
			buildConfigurations = (
				91D16F15207D421500C12951 /* Debug */,
				91D16F16207D421500C12951 /* Release */,
			);
			defaultConfigurationIsVisible = 0;
			defaultConfigurationName = Release;
		};
		91D16F17207D421500C12951 /* Build configuration list for PBXNativeTarget "Homework3" */ = {
			isa = XCConfigurationList;
			buildConfigurations = (
				91D16F18207D421500C12951 /* Debug */,
				91D16F19207D421500C12951 /* Release */,
			);
			defaultConfigurationIsVisible = 0;
			defaultConfigurationName = Release;
		};
/* End XCConfigurationList section */
	};
	rootObject = 91D16F08207D421300C12951 /* Project object */;
}
